
Microsoft Visual Studio Solution File, Format Version 12.00
# Visual Studio Version 16
VisualStudioVersion = 16.0.31005.135
MinimumVisualStudioVersion = 10.0.40219.1
Project("{FAE04EC0-301F-11D3-BF4B-00C04F79EFBC}") = "MyEmployeeInfo", "MyEmployeeInfo\MyEmployeeInfo.csproj", "{BCCD8030-4CDF-4E18-A529-E25A67EF4FE5}"
EndProject
Global
	GlobalSection(SolutionConfigurationPlatforms) = preSolution
		Debug|Any CPU = Debug|Any CPU
		Release|Any CPU = Release|Any CPU
	EndGlobalSection
	GlobalSection(ProjectConfigurationPlatforms) = postSolution
		{BCCD8030-4CDF-4E18-A529-E25A67EF4FE5}.Debug|Any CPU.ActiveCfg = Debug|Any CPU
		{BCCD8030-4CDF-4E18-A529-E25A67EF4FE5}.Debug|Any CPU.Build.0 = Debug|Any CPU
		{BCCD8030-4CDF-4E18-A529-E25A67EF4FE5}.Release|Any CPU.ActiveCfg = Release|Any CPU
		{BCCD8030-4CDF-4E18-A529-E25A67EF4FE5}.Release|Any CPU.Build.0 = Release|Any CPU
	EndGlobalSection
	GlobalSection(SolutionProperties) = preSolution
		HideSolutionNode = FALSE
	EndGlobalSection
	GlobalSection(ExtensibilityGlobals) = postSolution
		SolutionGuid = {97C2A7B3-E62C-4288-9F11-734C95733812}
	EndGlobalSection
EndGlobal
