
Microsoft Visual Studio Solution File, Format Version 12.00
# Visual Studio Version 16
VisualStudioVersion = 16.0.29806.167
MinimumVisualStudioVersion = 10.0.40219.1
Project("{FAE04EC0-301F-11D3-BF4B-00C04F79EFBC}") = "Filters", "Filters.csproj", "{EABB466D-4203-483F-9A4F-5ED09F9EED02}"
EndProject
Global
	GlobalSection(SolutionConfigurationPlatforms) = preSolution
		Debug|Any CPU = Debug|Any CPU
		Release|Any CPU = Release|Any CPU
	EndGlobalSection
	GlobalSection(ProjectConfigurationPlatforms) = postSolution
		{EABB466D-4203-483F-9A4F-5ED09F9EED02}.Debug|Any CPU.ActiveCfg = Debug|Any CPU
		{EABB466D-4203-483F-9A4F-5ED09F9EED02}.Debug|Any CPU.Build.0 = Debug|Any CPU
		{EABB466D-4203-483F-9A4F-5ED09F9EED02}.Release|Any CPU.ActiveCfg = Release|Any CPU
		{EABB466D-4203-483F-9A4F-5ED09F9EED02}.Release|Any CPU.Build.0 = Release|Any CPU
	EndGlobalSection
	GlobalSection(SolutionProperties) = preSolution
		HideSolutionNode = FALSE
	EndGlobalSection
	GlobalSection(ExtensibilityGlobals) = postSolution
		SolutionGuid = {FAC07F79-0A00-440A-80C0-F0D50525B953}
	EndGlobalSection
EndGlobal
