
Microsoft Visual Studio Solution File, Format Version 12.00
# Visual Studio Version 16
VisualStudioVersion = 16.0.31005.135
MinimumVisualStudioVersion = 10.0.40219.1
Project("{FAE04EC0-301F-11D3-BF4B-00C04F79EFBC}") = "WebApplication_AuthorizationFilter", "WebApplication_AuthorizationFilter\WebApplication_AuthorizationFilter.csproj", "{18EC1416-12CF-4AB6-A763-BC037B44F1F1}"
EndProject
Global
	GlobalSection(SolutionConfigurationPlatforms) = preSolution
		Debug|Any CPU = Debug|Any CPU
		Release|Any CPU = Release|Any CPU
	EndGlobalSection
	GlobalSection(ProjectConfigurationPlatforms) = postSolution
		{18EC1416-12CF-4AB6-A763-BC037B44F1F1}.Debug|Any CPU.ActiveCfg = Debug|Any CPU
		{18EC1416-12CF-4AB6-A763-BC037B44F1F1}.Debug|Any CPU.Build.0 = Debug|Any CPU
		{18EC1416-12CF-4AB6-A763-BC037B44F1F1}.Release|Any CPU.ActiveCfg = Release|Any CPU
		{18EC1416-12CF-4AB6-A763-BC037B44F1F1}.Release|Any CPU.Build.0 = Release|Any CPU
	EndGlobalSection
	GlobalSection(SolutionProperties) = preSolution
		HideSolutionNode = FALSE
	EndGlobalSection
	GlobalSection(ExtensibilityGlobals) = postSolution
		SolutionGuid = {9DC5E5A1-18DF-474E-9DE2-2B608927C42F}
	EndGlobalSection
EndGlobal
