
Microsoft Visual Studio Solution File, Format Version 12.00
# Visual Studio Version 16
VisualStudioVersion = 16.0.31005.135
MinimumVisualStudioVersion = 10.0.40219.1
Project("{FAE04EC0-301F-11D3-BF4B-00C04F79EFBC}") = "BootStrap_Bookmyshow", "BootStrap_Bookmyshow\BootStrap_Bookmyshow.csproj", "{3DC57E42-0CB1-4EAB-B045-3278AECC25DC}"
EndProject
Global
	GlobalSection(SolutionConfigurationPlatforms) = preSolution
		Debug|Any CPU = Debug|Any CPU
		Release|Any CPU = Release|Any CPU
	EndGlobalSection
	GlobalSection(ProjectConfigurationPlatforms) = postSolution
		{3DC57E42-0CB1-4EAB-B045-3278AECC25DC}.Debug|Any CPU.ActiveCfg = Debug|Any CPU
		{3DC57E42-0CB1-4EAB-B045-3278AECC25DC}.Debug|Any CPU.Build.0 = Debug|Any CPU
		{3DC57E42-0CB1-4EAB-B045-3278AECC25DC}.Release|Any CPU.ActiveCfg = Release|Any CPU
		{3DC57E42-0CB1-4EAB-B045-3278AECC25DC}.Release|Any CPU.Build.0 = Release|Any CPU
	EndGlobalSection
	GlobalSection(SolutionProperties) = preSolution
		HideSolutionNode = FALSE
	EndGlobalSection
	GlobalSection(ExtensibilityGlobals) = postSolution
		SolutionGuid = {82BEC829-6470-4268-B2BC-38F5E43F4109}
	EndGlobalSection
EndGlobal
