
Microsoft Visual Studio Solution File, Format Version 12.00
# Visual Studio Version 16
VisualStudioVersion = 16.0.31005.135
MinimumVisualStudioVersion = 10.0.40219.1
Project("{FAE04EC0-301F-11D3-BF4B-00C04F79EFBC}") = "DemoForWWWRoot", "DemoForWWWRoot\DemoForWWWRoot.csproj", "{13C2E39F-DBDF-421F-A09E-2F5A0B29C26F}"
EndProject
Global
	GlobalSection(SolutionConfigurationPlatforms) = preSolution
		Debug|Any CPU = Debug|Any CPU
		Release|Any CPU = Release|Any CPU
	EndGlobalSection
	GlobalSection(ProjectConfigurationPlatforms) = postSolution
		{13C2E39F-DBDF-421F-A09E-2F5A0B29C26F}.Debug|Any CPU.ActiveCfg = Debug|Any CPU
		{13C2E39F-DBDF-421F-A09E-2F5A0B29C26F}.Debug|Any CPU.Build.0 = Debug|Any CPU
		{13C2E39F-DBDF-421F-A09E-2F5A0B29C26F}.Release|Any CPU.ActiveCfg = Release|Any CPU
		{13C2E39F-DBDF-421F-A09E-2F5A0B29C26F}.Release|Any CPU.Build.0 = Release|Any CPU
	EndGlobalSection
	GlobalSection(SolutionProperties) = preSolution
		HideSolutionNode = FALSE
	EndGlobalSection
	GlobalSection(ExtensibilityGlobals) = postSolution
		SolutionGuid = {1DFA05E3-6BFC-48E4-BD86-12932CA59A82}
	EndGlobalSection
EndGlobal
